
Microsoft Visual Studio Solution File, Format Version 12.00
# Visual Studio Version 17
VisualStudioVersion = 17.9.34728.123
MinimumVisualStudioVersion = 10.0.40219.1
Project("{FAE04EC0-301F-11D3-BF4B-00C04F79EFBC}") = "ToDo_Application", "ToDo_Application.csproj", "{53632AB2-F29B-4743-8D73-B76CC035F6DB}"
EndProject
Global
	GlobalSection(SolutionConfigurationPlatforms) = preSolution
		Debug|Any CPU = Debug|Any CPU
		Release|Any CPU = Release|Any CPU
	EndGlobalSection
	GlobalSection(ProjectConfigurationPlatforms) = postSolution
		{53632AB2-F29B-4743-8D73-B76CC035F6DB}.Debug|Any CPU.ActiveCfg = Debug|Any CPU
		{53632AB2-F29B-4743-8D73-B76CC035F6DB}.Debug|Any CPU.Build.0 = Debug|Any CPU
		{53632AB2-F29B-4743-8D73-B76CC035F6DB}.Release|Any CPU.ActiveCfg = Release|Any CPU
		{53632AB2-F29B-4743-8D73-B76CC035F6DB}.Release|Any CPU.Build.0 = Release|Any CPU
	EndGlobalSection
	GlobalSection(SolutionProperties) = preSolution
		HideSolutionNode = FALSE
	EndGlobalSection
	GlobalSection(ExtensibilityGlobals) = postSolution
		SolutionGuid = {328FEE55-741C-42AA-906E-E4FF352382FC}
	EndGlobalSection
EndGlobal
